
Microsoft Visual Studio Solution File, Format Version 12.00
# Visual Studio Version 17
VisualStudioVersion = 17.6.33829.357
MinimumVisualStudioVersion = 10.0.40219.1
Project("{FAE04EC0-301F-11D3-BF4B-00C04F79EFBC}") = "server-api", "server-api\server-api.csproj", "{4BB7651B-3F21-4B05-B4AA-74C11A5E146F}"
EndProject
Global
	GlobalSection(SolutionConfigurationPlatforms) = preSolution
		Debug|Any CPU = Debug|Any CPU
		Release|Any CPU = Release|Any CPU
	EndGlobalSection
	GlobalSection(ProjectConfigurationPlatforms) = postSolution
		{4BB7651B-3F21-4B05-B4AA-74C11A5E146F}.Debug|Any CPU.ActiveCfg = Debug|Any CPU
		{4BB7651B-3F21-4B05-B4AA-74C11A5E146F}.Debug|Any CPU.Build.0 = Debug|Any CPU
		{4BB7651B-3F21-4B05-B4AA-74C11A5E146F}.Release|Any CPU.ActiveCfg = Release|Any CPU
		{4BB7651B-3F21-4B05-B4AA-74C11A5E146F}.Release|Any CPU.Build.0 = Release|Any CPU
	EndGlobalSection
	GlobalSection(SolutionProperties) = preSolution
		HideSolutionNode = FALSE
	EndGlobalSection
	GlobalSection(ExtensibilityGlobals) = postSolution
		SolutionGuid = {443C4C75-F72C-442D-AE3E-7EE293DF2A6E}
	EndGlobalSection
EndGlobal
